
Microsoft Visual Studio Solution File, Format Version 12.00
# Visual Studio 15
VisualStudioVersion = 15.0.26228.4
MinimumVisualStudioVersion = 10.0.40219.1
Project("{2150E333-8FDC-42A3-9474-1A3956D46DE8}") = "src", "src", "{2BC6C968-62B5-4B96-AA10-240A3E1220C8}"
EndProject
Project("{2150E333-8FDC-42A3-9474-1A3956D46DE8}") = "Solution Items", "Solution Items", "{68E0FEEF-69D5-42D7-A7AE-0ECF6DE7F8A5}"
	ProjectSection(SolutionItems) = preProject
		.editorconfig = .editorconfig
		.gitattributes = .gitattributes
		.gitignore = .gitignore
		appveyor.yml = appveyor.yml
		NuGet.config = NuGet.config
		README.md = README.md
	EndProjectSection
EndProject
Project("{2150E333-8FDC-42A3-9474-1A3956D46DE8}") = "samples", "samples", "{D8F02EBA-BD94-4201-85B2-2D5F88C911FB}"
EndProject
Project("{2150E333-8FDC-42A3-9474-1A3956D46DE8}") = "build", "build", "{9015AAB4-BBBA-486B-B2B0-0FF455B518ED}"
	ProjectSection(SolutionItems) = preProject
		build.cake = build.cake
		build.ps1 = build.ps1
		deploy_local.csx = deploy_local.csx
		build\index.cake = build\index.cake
		build\util.cake = build\util.cake
		build\version.cake = build\version.cake
		build\version.props = build\version.props
	EndProjectSection
EndProject
Project("{9A19103F-16F7-4668-BE54-9A1E7A4F7556}") = "WithIdentity", "samples\WithIdentity\WithIdentity.csproj", "{1CD6EDAC-2651-4B30-9308-F358C1ED8889}"
EndProject
Project("{9A19103F-16F7-4668-BE54-9A1E7A4F7556}") = "Migrator.EF6.Tools", "src\Migrator.EF6.Tools\Migrator.EF6.Tools.csproj", "{FCBB50C2-5DDB-4B3B-AC67-9DB287243A0F}"
EndProject
Project("{9A19103F-16F7-4668-BE54-9A1E7A4F7556}") = "BasicConsoleApp", "samples\BasicConsoleApp\BasicConsoleApp.csproj", "{AB5CFD8D-AA45-4B5B-AFFB-CE39622C0EBA}"
EndProject
Global
	GlobalSection(SolutionConfigurationPlatforms) = preSolution
		Debug|Any CPU = Debug|Any CPU
		Release|Any CPU = Release|Any CPU
	EndGlobalSection
	GlobalSection(ProjectConfigurationPlatforms) = postSolution
		{1CD6EDAC-2651-4B30-9308-F358C1ED8889}.Debug|Any CPU.ActiveCfg = Debug|Any CPU
		{1CD6EDAC-2651-4B30-9308-F358C1ED8889}.Debug|Any CPU.Build.0 = Debug|Any CPU
		{1CD6EDAC-2651-4B30-9308-F358C1ED8889}.Release|Any CPU.ActiveCfg = Release|Any CPU
		{1CD6EDAC-2651-4B30-9308-F358C1ED8889}.Release|Any CPU.Build.0 = Release|Any CPU
		{FCBB50C2-5DDB-4B3B-AC67-9DB287243A0F}.Debug|Any CPU.ActiveCfg = Debug|Any CPU
		{FCBB50C2-5DDB-4B3B-AC67-9DB287243A0F}.Debug|Any CPU.Build.0 = Debug|Any CPU
		{FCBB50C2-5DDB-4B3B-AC67-9DB287243A0F}.Release|Any CPU.ActiveCfg = Release|Any CPU
		{FCBB50C2-5DDB-4B3B-AC67-9DB287243A0F}.Release|Any CPU.Build.0 = Release|Any CPU
		{AB5CFD8D-AA45-4B5B-AFFB-CE39622C0EBA}.Debug|Any CPU.ActiveCfg = Debug|Any CPU
		{AB5CFD8D-AA45-4B5B-AFFB-CE39622C0EBA}.Debug|Any CPU.Build.0 = Debug|Any CPU
		{AB5CFD8D-AA45-4B5B-AFFB-CE39622C0EBA}.Release|Any CPU.ActiveCfg = Release|Any CPU
		{AB5CFD8D-AA45-4B5B-AFFB-CE39622C0EBA}.Release|Any CPU.Build.0 = Release|Any CPU
	EndGlobalSection
	GlobalSection(SolutionProperties) = preSolution
		HideSolutionNode = FALSE
	EndGlobalSection
	GlobalSection(NestedProjects) = preSolution
		{1CD6EDAC-2651-4B30-9308-F358C1ED8889} = {D8F02EBA-BD94-4201-85B2-2D5F88C911FB}
		{FCBB50C2-5DDB-4B3B-AC67-9DB287243A0F} = {2BC6C968-62B5-4B96-AA10-240A3E1220C8}
		{AB5CFD8D-AA45-4B5B-AFFB-CE39622C0EBA} = {D8F02EBA-BD94-4201-85B2-2D5F88C911FB}
	EndGlobalSection
EndGlobal
